// !$*UTF8*$!
{
	archiveVersion = 1;
	classes = {
	};
	objectVersion = 56;
	objects = {

/* Begin PBXBuildFile section */
		0FE09E9B2A272CBE00D03F47 /* PlaceFinderApp.swift in Sources */ = {isa = PBXBuildFile; fileRef = 0FE09E9A2A272CBE00D03F47 /* PlaceFinderApp.swift */; };
		0FE09E9F2A272CBF00D03F47 /* Assets.xcassets in Resources */ = {isa = PBXBuildFile; fileRef = 0FE09E9E2A272CBF00D03F47 /* Assets.xcassets */; };
		0FE09EA22A272CBF00D03F47 /* Preview Assets.xcassets in Resources */ = {isa = PBXBuildFile; fileRef = 0FE09EA12A272CBF00D03F47 /* Preview Assets.xcassets */; };
		0FE09EAA2A272CD500D03F47 /* Home.swift in Sources */ = {isa = PBXBuildFile; fileRef = 0FE09EA92A272CD500D03F47 /* Home.swift */; };
		0FE09EAC2A272D0500D03F47 /* MapView.swift in Sources */ = {isa = PBXBuildFile; fileRef = 0FE09EAB2A272D0500D03F47 /* MapView.swift */; };
		0FE09EAF2A272DC000D03F47 /* MapViewModel.swift in Sources */ = {isa = PBXBuildFile; fileRef = 0FE09EAE2A272DC000D03F47 /* MapViewModel.swift */; };
		0FE09EB22A273ED600D03F47 /* Place.swift in Sources */ = {isa = PBXBuildFile; fileRef = 0FE09EB12A273ED600D03F47 /* Place.swift */; };
		0FE09EB82A27542800D03F47 /* SearchView.swift in Sources */ = {isa = PBXBuildFile; fileRef = 0FE09EB72A27542800D03F47 /* SearchView.swift */; };
		0FE09EBA2A27544200D03F47 /* ContentView.swift in Sources */ = {isa = PBXBuildFile; fileRef = 0FE09EB92A27544200D03F47 /* ContentView.swift */; };
		0FE09EBC2A2755FA00D03F47 /* LocationManager.swift in Sources */ = {isa = PBXBuildFile; fileRef = 0FE09EBB2A2755FA00D03F47 /* LocationManager.swift */; };
/* End PBXBuildFile section */

/* Begin PBXFileReference section */
		0FE09E972A272CBE00D03F47 /* PlaceFinder.app */ = {isa = PBXFileReference; explicitFileType = wrapper.application; includeInIndex = 0; path = PlaceFinder.app; sourceTree = BUILT_PRODUCTS_DIR; };
		0FE09E9A2A272CBE00D03F47 /* PlaceFinderApp.swift */ = {isa = PBXFileReference; lastKnownFileType = sourcecode.swift; path = PlaceFinderApp.swift; sourceTree = "<group>"; };
		0FE09E9E2A272CBF00D03F47 /* Assets.xcassets */ = {isa = PBXFileReference; lastKnownFileType = folder.assetcatalog; path = Assets.xcassets; sourceTree = "<group>"; };
		0FE09EA12A272CBF00D03F47 /* Preview Assets.xcassets */ = {isa = PBXFileReference; lastKnownFileType = folder.assetcatalog; path = "Preview Assets.xcassets"; sourceTree = "<group>"; };
		0FE09EA92A272CD500D03F47 /* Home.swift */ = {isa = PBXFileReference; lastKnownFileType = sourcecode.swift; path = Home.swift; sourceTree = "<group>"; };
		0FE09EAB2A272D0500D03F47 /* MapView.swift */ = {isa = PBXFileReference; lastKnownFileType = sourcecode.swift; path = MapView.swift; sourceTree = "<group>"; };
		0FE09EAE2A272DC000D03F47 /* MapViewModel.swift */ = {isa = PBXFileReference; lastKnownFileType = sourcecode.swift; path = MapViewModel.swift; sourceTree = "<group>"; };
		0FE09EB12A273ED600D03F47 /* Place.swift */ = {isa = PBXFileReference; lastKnownFileType = sourcecode.swift; path = Place.swift; sourceTree = "<group>"; };
		0FE09EB72A27542800D03F47 /* SearchView.swift */ = {isa = PBXFileReference; lastKnownFileType = sourcecode.swift; path = SearchView.swift; sourceTree = "<group>"; };
		0FE09EB92A27544200D03F47 /* ContentView.swift */ = {isa = PBXFileReference; lastKnownFileType = sourcecode.swift; path = ContentView.swift; sourceTree = "<group>"; };
		0FE09EBB2A2755FA00D03F47 /* LocationManager.swift */ = {isa = PBXFileReference; lastKnownFileType = sourcecode.swift; path = LocationManager.swift; sourceTree = "<group>"; };
/* End PBXFileReference section */

/* Begin PBXFrameworksBuildPhase section */
		0FE09E942A272CBE00D03F47 /* Frameworks */ = {
			isa = PBXFrameworksBuildPhase;
			buildActionMask = 2147483647;
			files = (
			);
			runOnlyForDeploymentPostprocessing = 0;
		};
/* End PBXFrameworksBuildPhase section */

/* Begin PBXGroup section */
		0FE09E8E2A272CBE00D03F47 = {
			isa = PBXGroup;
			children = (
				0FE09E992A272CBE00D03F47 /* PlaceFinder */,
				0FE09E982A272CBE00D03F47 /* Products */,
			);
			sourceTree = "<group>";
		};
		0FE09E982A272CBE00D03F47 /* Products */ = {
			isa = PBXGroup;
			children = (
				0FE09E972A272CBE00D03F47 /* PlaceFinder.app */,
			);
			name = Products;
			sourceTree = "<group>";
		};
		0FE09E992A272CBE00D03F47 /* PlaceFinder */ = {
			isa = PBXGroup;
			children = (
				0FE09E9A2A272CBE00D03F47 /* PlaceFinderApp.swift */,
				0FE09EB42A2753FE00D03F47 /* Project 2 */,
				0FE09EB32A2753E200D03F47 /* Project 1 */,
				0FE09E9E2A272CBF00D03F47 /* Assets.xcassets */,
				0FE09EA02A272CBF00D03F47 /* Preview Content */,
			);
			path = PlaceFinder;
			sourceTree = "<group>";
		};
		0FE09EA02A272CBF00D03F47 /* Preview Content */ = {
			isa = PBXGroup;
			children = (
				0FE09EA12A272CBF00D03F47 /* Preview Assets.xcassets */,
			);
			path = "Preview Content";
			sourceTree = "<group>";
		};
		0FE09EA82A272CCA00D03F47 /* View */ = {
			isa = PBXGroup;
			children = (
				0FE09EA92A272CD500D03F47 /* Home.swift */,
				0FE09EAB2A272D0500D03F47 /* MapView.swift */,
			);
			path = View;
			sourceTree = "<group>";
		};
		0FE09EAD2A272DAF00D03F47 /* ViewModel */ = {
			isa = PBXGroup;
			children = (
				0FE09EAE2A272DC000D03F47 /* MapViewModel.swift */,
			);
			path = ViewModel;
			sourceTree = "<group>";
		};
		0FE09EB02A273EC900D03F47 /* Model */ = {
			isa = PBXGroup;
			children = (
				0FE09EB12A273ED600D03F47 /* Place.swift */,
			);
			path = Model;
			sourceTree = "<group>";
		};
		0FE09EB32A2753E200D03F47 /* Project 1 */ = {
			isa = PBXGroup;
			children = (
				0FE09EB02A273EC900D03F47 /* Model */,
				0FE09EAD2A272DAF00D03F47 /* ViewModel */,
				0FE09EA82A272CCA00D03F47 /* View */,
			);
			path = "Project 1";
			sourceTree = "<group>";
		};
		0FE09EB42A2753FE00D03F47 /* Project 2 */ = {
			isa = PBXGroup;
			children = (
				0FE09EB62A27541000D03F47 /* ViewModel */,
				0FE09EB52A27540C00D03F47 /* View */,
			);
			path = "Project 2";
			sourceTree = "<group>";
		};
		0FE09EB52A27540C00D03F47 /* View */ = {
			isa = PBXGroup;
			children = (
				0FE09EB92A27544200D03F47 /* ContentView.swift */,
				0FE09EB72A27542800D03F47 /* SearchView.swift */,
			);
			path = View;
			sourceTree = "<group>";
		};
		0FE09EB62A27541000D03F47 /* ViewModel */ = {
			isa = PBXGroup;
			children = (
				0FE09EBB2A2755FA00D03F47 /* LocationManager.swift */,
			);
			path = ViewModel;
			sourceTree = "<group>";
		};
/* End PBXGroup section */

/* Begin PBXNativeTarget section */
		0FE09E962A272CBE00D03F47 /* PlaceFinder */ = {
			isa = PBXNativeTarget;
			buildConfigurationList = 0FE09EA52A272CBF00D03F47 /* Build configuration list for PBXNativeTarget "PlaceFinder" */;
			buildPhases = (
				0FE09E932A272CBE00D03F47 /* Sources */,
				0FE09E942A272CBE00D03F47 /* Frameworks */,
				0FE09E952A272CBE00D03F47 /* Resources */,
			);
			buildRules = (
			);
			dependencies = (
			);
			name = PlaceFinder;
			productName = PlaceFinder;
			productReference = 0FE09E972A272CBE00D03F47 /* PlaceFinder.app */;
			productType = "com.apple.product-type.application";
		};
/* End PBXNativeTarget section */

/* Begin PBXProject section */
		0FE09E8F2A272CBE00D03F47 /* Project object */ = {
			isa = PBXProject;
			attributes = {
				BuildIndependentTargetsInParallel = 1;
				LastSwiftUpdateCheck = 1430;
				LastUpgradeCheck = 1430;
				TargetAttributes = {
					0FE09E962A272CBE00D03F47 = {
						CreatedOnToolsVersion = 14.3;
					};
				};
			};
			buildConfigurationList = 0FE09E922A272CBE00D03F47 /* Build configuration list for PBXProject "PlaceFinder" */;
			compatibilityVersion = "Xcode 14.0";
			developmentRegion = en;
			hasScannedForEncodings = 0;
			knownRegions = (
				en,
				Base,
			);
			mainGroup = 0FE09E8E2A272CBE00D03F47;
			productRefGroup = 0FE09E982A272CBE00D03F47 /* Products */;
			projectDirPath = "";
			projectRoot = "";
			targets = (
				0FE09E962A272CBE00D03F47 /* PlaceFinder */,
			);
		};
/* End PBXProject section */

/* Begin PBXResourcesBuildPhase section */
		0FE09E952A272CBE00D03F47 /* Resources */ = {
			isa = PBXResourcesBuildPhase;
			buildActionMask = 2147483647;
			files = (
				0FE09EA22A272CBF00D03F47 /* Preview Assets.xcassets in Resources */,
				0FE09E9F2A272CBF00D03F47 /* Assets.xcassets in Resources */,
			);
			runOnlyForDeploymentPostprocessing = 0;
		};
/* End PBXResourcesBuildPhase section */

/* Begin PBXSourcesBuildPhase section */
		0FE09E932A272CBE00D03F47 /* Sources */ = {
			isa = PBXSourcesBuildPhase;
			buildActionMask = 2147483647;
			files = (
				0FE09EAF2A272DC000D03F47 /* MapViewModel.swift in Sources */,
				0FE09EAC2A272D0500D03F47 /* MapView.swift in Sources */,
				0FE09EBA2A27544200D03F47 /* ContentView.swift in Sources */,
				0FE09EB22A273ED600D03F47 /* Place.swift in Sources */,
				0FE09EBC2A2755FA00D03F47 /* LocationManager.swift in Sources */,
				0FE09EAA2A272CD500D03F47 /* Home.swift in Sources */,
				0FE09EB82A27542800D03F47 /* SearchView.swift in Sources */,
				0FE09E9B2A272CBE00D03F47 /* PlaceFinderApp.swift in Sources */,
			);
			runOnlyForDeploymentPostprocessing = 0;
		};
/* End PBXSourcesBuildPhase section */

/* Begin XCBuildConfiguration section */
		0FE09EA32A272CBF00D03F47 /* Debug */ = {
			isa = XCBuildConfiguration;
			buildSettings = {
				ALWAYS_SEARCH_USER_PATHS = NO;
				CLANG_ANALYZER_NONNULL = YES;
				CLANG_ANALYZER_NUMBER_OBJECT_CONVERSION = YES_AGGRESSIVE;
				CLANG_CXX_LANGUAGE_STANDARD = "gnu++20";
				CLANG_ENABLE_MODULES = YES;
				CLANG_ENABLE_OBJC_ARC = YES;
				CLANG_ENABLE_OBJC_WEAK = YES;
				CLANG_WARN_BLOCK_CAPTURE_AUTORELEASING = YES;
				CLANG_WARN_BOOL_CONVERSION = YES;
				CLANG_WARN_COMMA = YES;
				CLANG_WARN_CONSTANT_CONVERSION = YES;
				CLANG_WARN_DEPRECATED_OBJC_IMPLEMENTATIONS = YES;
				CLANG_WARN_DIRECT_OBJC_ISA_USAGE = YES_ERROR;
				CLANG_WARN_DOCUMENTATION_COMMENTS = YES;
				CLANG_WARN_EMPTY_BODY = YES;
				CLANG_WARN_ENUM_CONVERSION = YES;
				CLANG_WARN_INFINITE_RECURSION = YES;
				CLANG_WARN_INT_CONVERSION = YES;
				CLANG_WARN_NON_LITERAL_NULL_CONVERSION = YES;
				CLANG_WARN_OBJC_IMPLICIT_RETAIN_SELF = YES;
				CLANG_WARN_OBJC_LITERAL_CONVERSION = YES;
				CLANG_WARN_OBJC_ROOT_CLASS = YES_ERROR;
				CLANG_WARN_QUOTED_INCLUDE_IN_FRAMEWORK_HEADER = YES;
				CLANG_WARN_RANGE_LOOP_ANALYSIS = YES;
				CLANG_WARN_STRICT_PROTOTYPES = YES;
				CLANG_WARN_SUSPICIOUS_MOVE = YES;
				CLANG_WARN_UNGUARDED_AVAILABILITY = YES_AGGRESSIVE;
				CLANG_WARN_UNREACHABLE_CODE = YES;
				CLANG_WARN__DUPLICATE_METHOD_MATCH = YES;
				COPY_PHASE_STRIP = NO;
				DEBUG_INFORMATION_FORMAT = dwarf;
				ENABLE_STRICT_OBJC_MSGSEND = YES;
				ENABLE_TESTABILITY = YES;
				GCC_C_LANGUAGE_STANDARD = gnu11;
				GCC_DYNAMIC_NO_PIC = NO;
				GCC_NO_COMMON_BLOCKS = YES;
				GCC_OPTIMIZATION_LEVEL = 0;
				GCC_PREPROCESSOR_DEFINITIONS = (
					"DEBUG=1",
					"$(inherited)",
				);
				GCC_WARN_64_TO_32_BIT_CONVERSION = YES;
				GCC_WARN_ABOUT_RETURN_TYPE = YES_ERROR;
				GCC_WARN_UNDECLARED_SELECTOR = YES;
				GCC_WARN_UNINITIALIZED_AUTOS = YES_AGGRESSIVE;
				GCC_WARN_UNUSED_FUNCTION = YES;
				GCC_WARN_UNUSED_VARIABLE = YES;
				IPHONEOS_DEPLOYMENT_TARGET = 16.4;
				MTL_ENABLE_DEBUG_INFO = INCLUDE_SOURCE;
				MTL_FAST_MATH = YES;
				ONLY_ACTIVE_ARCH = YES;
				SDKROOT = iphoneos;
				SWIFT_ACTIVE_COMPILATION_CONDITIONS = DEBUG;
				SWIFT_OPTIMIZATION_LEVEL = "-Onone";
			};
			name = Debug;
		};
		0FE09EA42A272CBF00D03F47 /* Release */ = {
			isa = XCBuildConfiguration;
			buildSettings = {
				ALWAYS_SEARCH_USER_PATHS = NO;
				CLANG_ANALYZER_NONNULL = YES;
				CLANG_ANALYZER_NUMBER_OBJECT_CONVERSION = YES_AGGRESSIVE;
				CLANG_CXX_LANGUAGE_STANDARD = "gnu++20";
				CLANG_ENABLE_MODULES = YES;
				CLANG_ENABLE_OBJC_ARC = YES;
				CLANG_ENABLE_OBJC_WEAK = YES;
				CLANG_WARN_BLOCK_CAPTURE_AUTORELEASING = YES;
				CLANG_WARN_BOOL_CONVERSION = YES;
				CLANG_WARN_COMMA = YES;
				CLANG_WARN_CONSTANT_CONVERSION = YES;
				CLANG_WARN_DEPRECATED_OBJC_IMPLEMENTATIONS = YES;
				CLANG_WARN_DIRECT_OBJC_ISA_USAGE = YES_ERROR;
				CLANG_WARN_DOCUMENTATION_COMMENTS = YES;
				CLANG_WARN_EMPTY_BODY = YES;
				CLANG_WARN_ENUM_CONVERSION = YES;
				CLANG_WARN_INFINITE_RECURSION = YES;
				CLANG_WARN_INT_CONVERSION = YES;
				CLANG_WARN_NON_LITERAL_NULL_CONVERSION = YES;
				CLANG_WARN_OBJC_IMPLICIT_RETAIN_SELF = YES;
				CLANG_WARN_OBJC_LITERAL_CONVERSION = YES;
				CLANG_WARN_OBJC_ROOT_CLASS = YES_ERROR;
				CLANG_WARN_QUOTED_INCLUDE_IN_FRAMEWORK_HEADER = YES;
				CLANG_WARN_RANGE_LOOP_ANALYSIS = YES;
				CLANG_WARN_STRICT_PROTOTYPES = YES;
				CLANG_WARN_SUSPICIOUS_MOVE = YES;
				CLANG_WARN_UNGUARDED_AVAILABILITY = YES_AGGRESSIVE;
				CLANG_WARN_UNREACHABLE_CODE = YES;
				CLANG_WARN__DUPLICATE_METHOD_MATCH = YES;
				COPY_PHASE_STRIP = NO;
				DEBUG_INFORMATION_FORMAT = "dwarf-with-dsym";
				ENABLE_NS_ASSERTIONS = NO;
				ENABLE_STRICT_OBJC_MSGSEND = YES;
				GCC_C_LANGUAGE_STANDARD = gnu11;
				GCC_NO_COMMON_BLOCKS = YES;
				GCC_WARN_64_TO_32_BIT_CONVERSION = YES;
				GCC_WARN_ABOUT_RETURN_TYPE = YES_ERROR;
				GCC_WARN_UNDECLARED_SELECTOR = YES;
				GCC_WARN_UNINITIALIZED_AUTOS = YES_AGGRESSIVE;
				GCC_WARN_UNUSED_FUNCTION = YES;
				GCC_WARN_UNUSED_VARIABLE = YES;
				IPHONEOS_DEPLOYMENT_TARGET = 16.4;
				MTL_ENABLE_DEBUG_INFO = NO;
				MTL_FAST_MATH = YES;
				SDKROOT = iphoneos;
				SWIFT_COMPILATION_MODE = wholemodule;
				SWIFT_OPTIMIZATION_LEVEL = "-O";
				VALIDATE_PRODUCT = YES;
			};
			name = Release;
		};
		0FE09EA62A272CBF00D03F47 /* Debug */ = {
			isa = XCBuildConfiguration;
			buildSettings = {
				ASSETCATALOG_COMPILER_APPICON_NAME = AppIcon;
				ASSETCATALOG_COMPILER_GLOBAL_ACCENT_COLOR_NAME = AccentColor;
				CODE_SIGN_STYLE = Automatic;
				CURRENT_PROJECT_VERSION = 1;
				DEVELOPMENT_ASSET_PATHS = "\"PlaceFinder/Preview Content\"";
				DEVELOPMENT_TEAM = SK7334S258;
				ENABLE_PREVIEWS = YES;
				GENERATE_INFOPLIST_FILE = YES;
				INFOPLIST_KEY_NSLocationWhenInUseUsageDescription = "This App need your location!";
				INFOPLIST_KEY_UIApplicationSceneManifest_Generation = YES;
				INFOPLIST_KEY_UIApplicationSupportsIndirectInputEvents = YES;
				INFOPLIST_KEY_UILaunchScreen_Generation = YES;
				INFOPLIST_KEY_UISupportedInterfaceOrientations_iPad = "UIInterfaceOrientationPortrait UIInterfaceOrientationPortraitUpsideDown UIInterfaceOrientationLandscapeLeft UIInterfaceOrientationLandscapeRight";
				INFOPLIST_KEY_UISupportedInterfaceOrientations_iPhone = "UIInterfaceOrientationPortrait UIInterfaceOrientationLandscapeLeft UIInterfaceOrientationLandscapeRight";
				LD_RUNPATH_SEARCH_PATHS = (
					"$(inherited)",
					"@executable_path/Frameworks",
				);
				MARKETING_VERSION = 1.0;
				PRODUCT_BUNDLE_IDENTIFIER = Zasenko.PlaceFinder;
				PRODUCT_NAME = "$(TARGET_NAME)";
				SWIFT_EMIT_LOC_STRINGS = YES;
				SWIFT_VERSION = 5.0;
				TARGETED_DEVICE_FAMILY = "1,2";
			};
			name = Debug;
		};
		0FE09EA72A272CBF00D03F47 /* Release */ = {
			isa = XCBuildConfiguration;
			buildSettings = {
				ASSETCATALOG_COMPILER_APPICON_NAME = AppIcon;
				ASSETCATALOG_COMPILER_GLOBAL_ACCENT_COLOR_NAME = AccentColor;
				CODE_SIGN_STYLE = Automatic;
				CURRENT_PROJECT_VERSION = 1;
				DEVELOPMENT_ASSET_PATHS = "\"PlaceFinder/Preview Content\"";
				DEVELOPMENT_TEAM = SK7334S258;
				ENABLE_PREVIEWS = YES;
				GENERATE_INFOPLIST_FILE = YES;
				INFOPLIST_KEY_NSLocationWhenInUseUsageDescription = "This App need your location!";
				INFOPLIST_KEY_UIApplicationSceneManifest_Generation = YES;
				INFOPLIST_KEY_UIApplicationSupportsIndirectInputEvents = YES;
				INFOPLIST_KEY_UILaunchScreen_Generation = YES;
				INFOPLIST_KEY_UISupportedInterfaceOrientations_iPad = "UIInterfaceOrientationPortrait UIInterfaceOrientationPortraitUpsideDown UIInterfaceOrientationLandscapeLeft UIInterfaceOrientationLandscapeRight";
				INFOPLIST_KEY_UISupportedInterfaceOrientations_iPhone = "UIInterfaceOrientationPortrait UIInterfaceOrientationLandscapeLeft UIInterfaceOrientationLandscapeRight";
				LD_RUNPATH_SEARCH_PATHS = (
					"$(inherited)",
					"@executable_path/Frameworks",
				);
				MARKETING_VERSION = 1.0;
				PRODUCT_BUNDLE_IDENTIFIER = Zasenko.PlaceFinder;
				PRODUCT_NAME = "$(TARGET_NAME)";
				SWIFT_EMIT_LOC_STRINGS = YES;
				SWIFT_VERSION = 5.0;
				TARGETED_DEVICE_FAMILY = "1,2";
			};
			name = Release;
		};
/* End XCBuildConfiguration section */

/* Begin XCConfigurationList section */
		0FE09E922A272CBE00D03F47 /* Build configuration list for PBXProject "PlaceFinder" */ = {
			isa = XCConfigurationList;
			buildConfigurations = (
				0FE09EA32A272CBF00D03F47 /* Debug */,
				0FE09EA42A272CBF00D03F47 /* Release */,
			);
			defaultConfigurationIsVisible = 0;
			defaultConfigurationName = Release;
		};
		0FE09EA52A272CBF00D03F47 /* Build configuration list for PBXNativeTarget "PlaceFinder" */ = {
			isa = XCConfigurationList;
			buildConfigurations = (
				0FE09EA62A272CBF00D03F47 /* Debug */,
				0FE09EA72A272CBF00D03F47 /* Release */,
			);
			defaultConfigurationIsVisible = 0;
			defaultConfigurationName = Release;
		};
/* End XCConfigurationList section */
	};
	rootObject = 0FE09E8F2A272CBE00D03F47 /* Project object */;
}
